
Microsoft Visual Studio Solution File, Format Version 12.00
# Visual Studio Version 16
VisualStudioVersion = 16.0.32002.261
MinimumVisualStudioVersion = 10.0.40219.1
Project("{FAE04EC0-301F-11D3-BF4B-00C04F79EFBC}") = "end-to-end", "end-to-end\end-to-end.csproj", "{B73986AD-3E93-4072-A718-F2739CA0DAB2}"
EndProject
Global
	GlobalSection(SolutionConfigurationPlatforms) = preSolution
		Debug|Any CPU = Debug|Any CPU
		Release|Any CPU = Release|Any CPU
	EndGlobalSection
	GlobalSection(ProjectConfigurationPlatforms) = postSolution
		{B73986AD-3E93-4072-A718-F2739CA0DAB2}.Debug|Any CPU.ActiveCfg = Debug|Any CPU
		{B73986AD-3E93-4072-A718-F2739CA0DAB2}.Debug|Any CPU.Build.0 = Debug|Any CPU
		{B73986AD-3E93-4072-A718-F2739CA0DAB2}.Release|Any CPU.ActiveCfg = Release|Any CPU
		{B73986AD-3E93-4072-A718-F2739CA0DAB2}.Release|Any CPU.Build.0 = Release|Any CPU
	EndGlobalSection
	GlobalSection(SolutionProperties) = preSolution
		HideSolutionNode = FALSE
	EndGlobalSection
	GlobalSection(ExtensibilityGlobals) = postSolution
		SolutionGuid = {422943B9-A9C4-443E-8B78-25A17BCD4862}
	EndGlobalSection
EndGlobal
