
Microsoft Visual Studio Solution File, Format Version 12.00
# Visual Studio 2012
Project("{FAE04EC0-301F-11D3-BF4B-00C04F79EFBC}") = "end-to-end", "end-to-end.csproj", "{3AC425B8-5E5A-4C1C-A25F-789CC8824FBA}"
EndProject
Project("{2150E333-8FDC-42A3-9474-1A3956D46DE8}") = ".nuget", ".nuget", "{A030767F-E21D-4702-9A50-5F4DDDD24ED8}"
	ProjectSection(SolutionItems) = preProject
		.nuget\NuGet.Config = .nuget\NuGet.Config
		.nuget\NuGet.exe = .nuget\NuGet.exe
		.nuget\NuGet.targets = .nuget\NuGet.targets
	EndProjectSection
EndProject
Global
	GlobalSection(SolutionConfigurationPlatforms) = preSolution
		Debug|Any CPU = Debug|Any CPU
		Release|Any CPU = Release|Any CPU
	EndGlobalSection
	GlobalSection(ProjectConfigurationPlatforms) = postSolution
		{3AC425B8-5E5A-4C1C-A25F-789CC8824FBA}.Debug|Any CPU.ActiveCfg = Debug|Any CPU
		{3AC425B8-5E5A-4C1C-A25F-789CC8824FBA}.Debug|Any CPU.Build.0 = Debug|Any CPU
		{3AC425B8-5E5A-4C1C-A25F-789CC8824FBA}.Release|Any CPU.ActiveCfg = Release|Any CPU
		{3AC425B8-5E5A-4C1C-A25F-789CC8824FBA}.Release|Any CPU.Build.0 = Release|Any CPU
	EndGlobalSection
	GlobalSection(SolutionProperties) = preSolution
		HideSolutionNode = FALSE
	EndGlobalSection
EndGlobal
